// !$*UTF8*$!
{
	archiveVersion = 1;
	classes = {
	};
	objectVersion = 50;
	objects = {

/* Begin PBXBuildFile section */
		1D56AB8B255CEEA600522E3D /* declarative_live_coding_multiApp.swift in Sources */ = {isa = PBXBuildFile; fileRef = 1D56AB78255CEEA400522E3D /* declarative_live_coding_multiApp.swift */; };
		1D56AB8C255CEEA600522E3D /* declarative_live_coding_multiApp.swift in Sources */ = {isa = PBXBuildFile; fileRef = 1D56AB78255CEEA400522E3D /* declarative_live_coding_multiApp.swift */; };
		1D56AB8D255CEEA600522E3D /* ContentView.swift in Sources */ = {isa = PBXBuildFile; fileRef = 1D56AB79255CEEA400522E3D /* ContentView.swift */; };
		1D56AB8E255CEEA600522E3D /* ContentView.swift in Sources */ = {isa = PBXBuildFile; fileRef = 1D56AB79255CEEA400522E3D /* ContentView.swift */; };
		1D56AB8F255CEEA600522E3D /* Assets.xcassets in Resources */ = {isa = PBXBuildFile; fileRef = 1D56AB7A255CEEA500522E3D /* Assets.xcassets */; };
		1D56AB90255CEEA600522E3D /* Assets.xcassets in Resources */ = {isa = PBXBuildFile; fileRef = 1D56AB7A255CEEA500522E3D /* Assets.xcassets */; };
/* End PBXBuildFile section */

/* Begin PBXFileReference section */
		1D56AB78255CEEA400522E3D /* declarative_live_coding_multiApp.swift */ = {isa = PBXFileReference; lastKnownFileType = sourcecode.swift; path = declarative_live_coding_multiApp.swift; sourceTree = "<group>"; };
		1D56AB79255CEEA400522E3D /* ContentView.swift */ = {isa = PBXFileReference; lastKnownFileType = sourcecode.swift; path = ContentView.swift; sourceTree = "<group>"; };
		1D56AB7A255CEEA500522E3D /* Assets.xcassets */ = {isa = PBXFileReference; lastKnownFileType = folder.assetcatalog; path = Assets.xcassets; sourceTree = "<group>"; };
		1D56AB7F255CEEA600522E3D /* declarative_live-coding_multi.app */ = {isa = PBXFileReference; explicitFileType = wrapper.application; includeInIndex = 0; path = "declarative_live-coding_multi.app"; sourceTree = BUILT_PRODUCTS_DIR; };
		1D56AB82255CEEA600522E3D /* Info.plist */ = {isa = PBXFileReference; lastKnownFileType = text.plist.xml; path = Info.plist; sourceTree = "<group>"; };
		1D56AB87255CEEA600522E3D /* declarative_live-coding_multi.app */ = {isa = PBXFileReference; explicitFileType = wrapper.application; includeInIndex = 0; path = "declarative_live-coding_multi.app"; sourceTree = BUILT_PRODUCTS_DIR; };
		1D56AB89255CEEA600522E3D /* Info.plist */ = {isa = PBXFileReference; lastKnownFileType = text.plist.xml; path = Info.plist; sourceTree = "<group>"; };
		1D56AB8A255CEEA600522E3D /* macOS.entitlements */ = {isa = PBXFileReference; lastKnownFileType = text.plist.entitlements; path = macOS.entitlements; sourceTree = "<group>"; };
/* End PBXFileReference section */

/* Begin PBXFrameworksBuildPhase section */
		1D56AB7C255CEEA600522E3D /* Frameworks */ = {
			isa = PBXFrameworksBuildPhase;
			buildActionMask = 2147483647;
			files = (
			);
			runOnlyForDeploymentPostprocessing = 0;
		};
		1D56AB84255CEEA600522E3D /* Frameworks */ = {
			isa = PBXFrameworksBuildPhase;
			buildActionMask = 2147483647;
			files = (
			);
			runOnlyForDeploymentPostprocessing = 0;
		};
/* End PBXFrameworksBuildPhase section */

/* Begin PBXGroup section */
		1D56AB72255CEEA400522E3D = {
			isa = PBXGroup;
			children = (
				1D56AB77255CEEA400522E3D /* Shared */,
				1D56AB81255CEEA600522E3D /* iOS */,
				1D56AB88255CEEA600522E3D /* macOS */,
				1D56AB80255CEEA600522E3D /* Products */,
			);
			sourceTree = "<group>";
		};
		1D56AB77255CEEA400522E3D /* Shared */ = {
			isa = PBXGroup;
			children = (
				1D56AB78255CEEA400522E3D /* declarative_live_coding_multiApp.swift */,
				1D56AB79255CEEA400522E3D /* ContentView.swift */,
				1D56AB7A255CEEA500522E3D /* Assets.xcassets */,
			);
			path = Shared;
			sourceTree = "<group>";
		};
		1D56AB80255CEEA600522E3D /* Products */ = {
			isa = PBXGroup;
			children = (
				1D56AB7F255CEEA600522E3D /* declarative_live-coding_multi.app */,
				1D56AB87255CEEA600522E3D /* declarative_live-coding_multi.app */,
			);
			name = Products;
			sourceTree = "<group>";
		};
		1D56AB81255CEEA600522E3D /* iOS */ = {
			isa = PBXGroup;
			children = (
				1D56AB82255CEEA600522E3D /* Info.plist */,
			);
			path = iOS;
			sourceTree = "<group>";
		};
		1D56AB88255CEEA600522E3D /* macOS */ = {
			isa = PBXGroup;
			children = (
				1D56AB89255CEEA600522E3D /* Info.plist */,
				1D56AB8A255CEEA600522E3D /* macOS.entitlements */,
			);
			path = macOS;
			sourceTree = "<group>";
		};
/* End PBXGroup section */

/* Begin PBXNativeTarget section */
		1D56AB7E255CEEA600522E3D /* declarative_live-coding_multi (iOS) */ = {
			isa = PBXNativeTarget;
			buildConfigurationList = 1D56AB93255CEEA600522E3D /* Build configuration list for PBXNativeTarget "declarative_live-coding_multi (iOS)" */;
			buildPhases = (
				1D56AB7B255CEEA600522E3D /* Sources */,
				1D56AB7C255CEEA600522E3D /* Frameworks */,
				1D56AB7D255CEEA600522E3D /* Resources */,
			);
			buildRules = (
			);
			dependencies = (
			);
			name = "declarative_live-coding_multi (iOS)";
			productName = "declarative_live-coding_multi (iOS)";
			productReference = 1D56AB7F255CEEA600522E3D /* declarative_live-coding_multi.app */;
			productType = "com.apple.product-type.application";
		};
		1D56AB86255CEEA600522E3D /* declarative_live-coding_multi (macOS) */ = {
			isa = PBXNativeTarget;
			buildConfigurationList = 1D56AB96255CEEA600522E3D /* Build configuration list for PBXNativeTarget "declarative_live-coding_multi (macOS)" */;
			buildPhases = (
				1D56AB83255CEEA600522E3D /* Sources */,
				1D56AB84255CEEA600522E3D /* Frameworks */,
				1D56AB85255CEEA600522E3D /* Resources */,
			);
			buildRules = (
			);
			dependencies = (
			);
			name = "declarative_live-coding_multi (macOS)";
			productName = "declarative_live-coding_multi (macOS)";
			productReference = 1D56AB87255CEEA600522E3D /* declarative_live-coding_multi.app */;
			productType = "com.apple.product-type.application";
		};
/* End PBXNativeTarget section */

/* Begin PBXProject section */
		1D56AB73255CEEA400522E3D /* Project object */ = {
			isa = PBXProject;
			attributes = {
				LastSwiftUpdateCheck = 1220;
				LastUpgradeCheck = 1220;
				TargetAttributes = {
					1D56AB7E255CEEA600522E3D = {
						CreatedOnToolsVersion = 12.2;
					};
					1D56AB86255CEEA600522E3D = {
						CreatedOnToolsVersion = 12.2;
					};
				};
			};
			buildConfigurationList = 1D56AB76255CEEA400522E3D /* Build configuration list for PBXProject "declarative_live-coding_multi" */;
			compatibilityVersion = "Xcode 9.3";
			developmentRegion = en;
			hasScannedForEncodings = 0;
			knownRegions = (
				en,
				Base,
			);
			mainGroup = 1D56AB72255CEEA400522E3D;
			productRefGroup = 1D56AB80255CEEA600522E3D /* Products */;
			projectDirPath = "";
			projectRoot = "";
			targets = (
				1D56AB7E255CEEA600522E3D /* declarative_live-coding_multi (iOS) */,
				1D56AB86255CEEA600522E3D /* declarative_live-coding_multi (macOS) */,
			);
		};
/* End PBXProject section */

/* Begin PBXResourcesBuildPhase section */
		1D56AB7D255CEEA600522E3D /* Resources */ = {
			isa = PBXResourcesBuildPhase;
			buildActionMask = 2147483647;
			files = (
				1D56AB8F255CEEA600522E3D /* Assets.xcassets in Resources */,
			);
			runOnlyForDeploymentPostprocessing = 0;
		};
		1D56AB85255CEEA600522E3D /* Resources */ = {
			isa = PBXResourcesBuildPhase;
			buildActionMask = 2147483647;
			files = (
				1D56AB90255CEEA600522E3D /* Assets.xcassets in Resources */,
			);
			runOnlyForDeploymentPostprocessing = 0;
		};
/* End PBXResourcesBuildPhase section */

/* Begin PBXSourcesBuildPhase section */
		1D56AB7B255CEEA600522E3D /* Sources */ = {
			isa = PBXSourcesBuildPhase;
			buildActionMask = 2147483647;
			files = (
				1D56AB8D255CEEA600522E3D /* ContentView.swift in Sources */,
				1D56AB8B255CEEA600522E3D /* declarative_live_coding_multiApp.swift in Sources */,
			);
			runOnlyForDeploymentPostprocessing = 0;
		};
		1D56AB83255CEEA600522E3D /* Sources */ = {
			isa = PBXSourcesBuildPhase;
			buildActionMask = 2147483647;
			files = (
				1D56AB8E255CEEA600522E3D /* ContentView.swift in Sources */,
				1D56AB8C255CEEA600522E3D /* declarative_live_coding_multiApp.swift in Sources */,
			);
			runOnlyForDeploymentPostprocessing = 0;
		};
/* End PBXSourcesBuildPhase section */

/* Begin XCBuildConfiguration section */
		1D56AB91255CEEA600522E3D /* Debug */ = {
			isa = XCBuildConfiguration;
			buildSettings = {
				ALWAYS_SEARCH_USER_PATHS = NO;
				CLANG_ANALYZER_NONNULL = YES;
				CLANG_ANALYZER_NUMBER_OBJECT_CONVERSION = YES_AGGRESSIVE;
				CLANG_CXX_LANGUAGE_STANDARD = "gnu++14";
				CLANG_CXX_LIBRARY = "libc++";
				CLANG_ENABLE_MODULES = YES;
				CLANG_ENABLE_OBJC_ARC = YES;
				CLANG_ENABLE_OBJC_WEAK = YES;
				CLANG_WARN_BLOCK_CAPTURE_AUTORELEASING = YES;
				CLANG_WARN_BOOL_CONVERSION = YES;
				CLANG_WARN_COMMA = YES;
				CLANG_WARN_CONSTANT_CONVERSION = YES;
				CLANG_WARN_DEPRECATED_OBJC_IMPLEMENTATIONS = YES;
				CLANG_WARN_DIRECT_OBJC_ISA_USAGE = YES_ERROR;
				CLANG_WARN_DOCUMENTATION_COMMENTS = YES;
				CLANG_WARN_EMPTY_BODY = YES;
				CLANG_WARN_ENUM_CONVERSION = YES;
				CLANG_WARN_INFINITE_RECURSION = YES;
				CLANG_WARN_INT_CONVERSION = YES;
				CLANG_WARN_NON_LITERAL_NULL_CONVERSION = YES;
				CLANG_WARN_OBJC_IMPLICIT_RETAIN_SELF = YES;
				CLANG_WARN_OBJC_LITERAL_CONVERSION = YES;
				CLANG_WARN_OBJC_ROOT_CLASS = YES_ERROR;
				CLANG_WARN_QUOTED_INCLUDE_IN_FRAMEWORK_HEADER = YES;
				CLANG_WARN_RANGE_LOOP_ANALYSIS = YES;
				CLANG_WARN_STRICT_PROTOTYPES = YES;
				CLANG_WARN_SUSPICIOUS_MOVE = YES;
				CLANG_WARN_UNGUARDED_AVAILABILITY = YES_AGGRESSIVE;
				CLANG_WARN_UNREACHABLE_CODE = YES;
				CLANG_WARN__DUPLICATE_METHOD_MATCH = YES;
				COPY_PHASE_STRIP = NO;
				DEBUG_INFORMATION_FORMAT = dwarf;
				ENABLE_STRICT_OBJC_MSGSEND = YES;
				ENABLE_TESTABILITY = YES;
				GCC_C_LANGUAGE_STANDARD = gnu11;
				GCC_DYNAMIC_NO_PIC = NO;
				GCC_NO_COMMON_BLOCKS = YES;
				GCC_OPTIMIZATION_LEVEL = 0;
				GCC_PREPROCESSOR_DEFINITIONS = (
					"DEBUG=1",
					"$(inherited)",
				);
				GCC_WARN_64_TO_32_BIT_CONVERSION = YES;
				GCC_WARN_ABOUT_RETURN_TYPE = YES_ERROR;
				GCC_WARN_UNDECLARED_SELECTOR = YES;
				GCC_WARN_UNINITIALIZED_AUTOS = YES_AGGRESSIVE;
				GCC_WARN_UNUSED_FUNCTION = YES;
				GCC_WARN_UNUSED_VARIABLE = YES;
				IPHONEOS_DEPLOYMENT_TARGET = 14.0;
				MACOSX_DEPLOYMENT_TARGET = 10.15;
				MTL_ENABLE_DEBUG_INFO = INCLUDE_SOURCE;
				MTL_FAST_MATH = YES;
				ONLY_ACTIVE_ARCH = YES;
				SUPPORTED_PLATFORMS = "iphonesimulator iphoneos macosx";
				SWIFT_ACTIVE_COMPILATION_CONDITIONS = DEBUG;
				SWIFT_OPTIMIZATION_LEVEL = "-Onone";
			};
			name = Debug;
		};
		1D56AB92255CEEA600522E3D /* Release */ = {
			isa = XCBuildConfiguration;
			buildSettings = {
				ALWAYS_SEARCH_USER_PATHS = NO;
				CLANG_ANALYZER_NONNULL = YES;
				CLANG_ANALYZER_NUMBER_OBJECT_CONVERSION = YES_AGGRESSIVE;
				CLANG_CXX_LANGUAGE_STANDARD = "gnu++14";
				CLANG_CXX_LIBRARY = "libc++";
				CLANG_ENABLE_MODULES = YES;
				CLANG_ENABLE_OBJC_ARC = YES;
				CLANG_ENABLE_OBJC_WEAK = YES;
				CLANG_WARN_BLOCK_CAPTURE_AUTORELEASING = YES;
				CLANG_WARN_BOOL_CONVERSION = YES;
				CLANG_WARN_COMMA = YES;
				CLANG_WARN_CONSTANT_CONVERSION = YES;
				CLANG_WARN_DEPRECATED_OBJC_IMPLEMENTATIONS = YES;
				CLANG_WARN_DIRECT_OBJC_ISA_USAGE = YES_ERROR;
				CLANG_WARN_DOCUMENTATION_COMMENTS = YES;
				CLANG_WARN_EMPTY_BODY = YES;
				CLANG_WARN_ENUM_CONVERSION = YES;
				CLANG_WARN_INFINITE_RECURSION = YES;
				CLANG_WARN_INT_CONVERSION = YES;
				CLANG_WARN_NON_LITERAL_NULL_CONVERSION = YES;
				CLANG_WARN_OBJC_IMPLICIT_RETAIN_SELF = YES;
				CLANG_WARN_OBJC_LITERAL_CONVERSION = YES;
				CLANG_WARN_OBJC_ROOT_CLASS = YES_ERROR;
				CLANG_WARN_QUOTED_INCLUDE_IN_FRAMEWORK_HEADER = YES;
				CLANG_WARN_RANGE_LOOP_ANALYSIS = YES;
				CLANG_WARN_STRICT_PROTOTYPES = YES;
				CLANG_WARN_SUSPICIOUS_MOVE = YES;
				CLANG_WARN_UNGUARDED_AVAILABILITY = YES_AGGRESSIVE;
				CLANG_WARN_UNREACHABLE_CODE = YES;
				CLANG_WARN__DUPLICATE_METHOD_MATCH = YES;
				COPY_PHASE_STRIP = NO;
				DEBUG_INFORMATION_FORMAT = "dwarf-with-dsym";
				ENABLE_NS_ASSERTIONS = NO;
				ENABLE_STRICT_OBJC_MSGSEND = YES;
				GCC_C_LANGUAGE_STANDARD = gnu11;
				GCC_NO_COMMON_BLOCKS = YES;
				GCC_WARN_64_TO_32_BIT_CONVERSION = YES;
				GCC_WARN_ABOUT_RETURN_TYPE = YES_ERROR;
				GCC_WARN_UNDECLARED_SELECTOR = YES;
				GCC_WARN_UNINITIALIZED_AUTOS = YES_AGGRESSIVE;
				GCC_WARN_UNUSED_FUNCTION = YES;
				GCC_WARN_UNUSED_VARIABLE = YES;
				IPHONEOS_DEPLOYMENT_TARGET = 14.0;
				MACOSX_DEPLOYMENT_TARGET = 10.15;
				MTL_ENABLE_DEBUG_INFO = NO;
				MTL_FAST_MATH = YES;
				SUPPORTED_PLATFORMS = "iphonesimulator iphoneos macosx";
				SWIFT_COMPILATION_MODE = wholemodule;
				SWIFT_OPTIMIZATION_LEVEL = "-O";
			};
			name = Release;
		};
		1D56AB94255CEEA600522E3D /* Debug */ = {
			isa = XCBuildConfiguration;
			buildSettings = {
				ASSETCATALOG_COMPILER_APPICON_NAME = AppIcon;
				ASSETCATALOG_COMPILER_GLOBAL_ACCENT_COLOR_NAME = AccentColor;
				CODE_SIGN_STYLE = Automatic;
				DEVELOPMENT_TEAM = 7848QT82M4;
				ENABLE_PREVIEWS = YES;
				INFOPLIST_FILE = iOS/Info.plist;
				IPHONEOS_DEPLOYMENT_TARGET = 14.0;
				LD_RUNPATH_SEARCH_PATHS = (
					"$(inherited)",
					"@executable_path/Frameworks",
				);
				PRODUCT_BUNDLE_IDENTIFIER = "com.azharkova.declarative-live-coding-multi";
				PRODUCT_NAME = "declarative_live-coding_multi";
				SDKROOT = iphoneos;
				SUPPORTED_PLATFORMS = "iphonesimulator iphoneos";
				SWIFT_VERSION = 5.0;
				TARGETED_DEVICE_FAMILY = "1,2";
			};
			name = Debug;
		};
		1D56AB95255CEEA600522E3D /* Release */ = {
			isa = XCBuildConfiguration;
			buildSettings = {
				ASSETCATALOG_COMPILER_APPICON_NAME = AppIcon;
				ASSETCATALOG_COMPILER_GLOBAL_ACCENT_COLOR_NAME = AccentColor;
				CODE_SIGN_STYLE = Automatic;
				DEVELOPMENT_TEAM = 7848QT82M4;
				ENABLE_PREVIEWS = YES;
				INFOPLIST_FILE = iOS/Info.plist;
				IPHONEOS_DEPLOYMENT_TARGET = 14.0;
				LD_RUNPATH_SEARCH_PATHS = (
					"$(inherited)",
					"@executable_path/Frameworks",
				);
				PRODUCT_BUNDLE_IDENTIFIER = "com.azharkova.declarative-live-coding-multi";
				PRODUCT_NAME = "declarative_live-coding_multi";
				SDKROOT = iphoneos;
				SUPPORTED_PLATFORMS = "iphonesimulator iphoneos";
				SWIFT_VERSION = 5.0;
				TARGETED_DEVICE_FAMILY = "1,2";
				VALIDATE_PRODUCT = YES;
			};
			name = Release;
		};
		1D56AB97255CEEA600522E3D /* Debug */ = {
			isa = XCBuildConfiguration;
			buildSettings = {
				ASSETCATALOG_COMPILER_APPICON_NAME = AppIcon;
				ASSETCATALOG_COMPILER_GLOBAL_ACCENT_COLOR_NAME = AccentColor;
				CODE_SIGN_ENTITLEMENTS = macOS/macOS.entitlements;
				CODE_SIGN_STYLE = Automatic;
				COMBINE_HIDPI_IMAGES = YES;
				DEVELOPMENT_TEAM = 7848QT82M4;
				ENABLE_HARDENED_RUNTIME = YES;
				ENABLE_PREVIEWS = YES;
				INFOPLIST_FILE = macOS/Info.plist;
				LD_RUNPATH_SEARCH_PATHS = (
					"$(inherited)",
					"@executable_path/../Frameworks",
				);
				MACOSX_DEPLOYMENT_TARGET = 10.15;
				PRODUCT_BUNDLE_IDENTIFIER = "com.azharkova.declarative-live-coding-multi";
				PRODUCT_NAME = "declarative_live-coding_multi";
				SDKROOT = macosx;
				SUPPORTED_PLATFORMS = macosx;
				SWIFT_VERSION = 5.0;
			};
			name = Debug;
		};
		1D56AB98255CEEA600522E3D /* Release */ = {
			isa = XCBuildConfiguration;
			buildSettings = {
				ASSETCATALOG_COMPILER_APPICON_NAME = AppIcon;
				ASSETCATALOG_COMPILER_GLOBAL_ACCENT_COLOR_NAME = AccentColor;
				CODE_SIGN_ENTITLEMENTS = macOS/macOS.entitlements;
				CODE_SIGN_STYLE = Automatic;
				COMBINE_HIDPI_IMAGES = YES;
				DEVELOPMENT_TEAM = 7848QT82M4;
				ENABLE_HARDENED_RUNTIME = YES;
				ENABLE_PREVIEWS = YES;
				INFOPLIST_FILE = macOS/Info.plist;
				LD_RUNPATH_SEARCH_PATHS = (
					"$(inherited)",
					"@executable_path/../Frameworks",
				);
				MACOSX_DEPLOYMENT_TARGET = 10.15;
				PRODUCT_BUNDLE_IDENTIFIER = "com.azharkova.declarative-live-coding-multi";
				PRODUCT_NAME = "declarative_live-coding_multi";
				SDKROOT = macosx;
				SUPPORTED_PLATFORMS = macosx;
				SWIFT_VERSION = 5.0;
			};
			name = Release;
		};
/* End XCBuildConfiguration section */

/* Begin XCConfigurationList section */
		1D56AB76255CEEA400522E3D /* Build configuration list for PBXProject "declarative_live-coding_multi" */ = {
			isa = XCConfigurationList;
			buildConfigurations = (
				1D56AB91255CEEA600522E3D /* Debug */,
				1D56AB92255CEEA600522E3D /* Release */,
			);
			defaultConfigurationIsVisible = 0;
			defaultConfigurationName = Release;
		};
		1D56AB93255CEEA600522E3D /* Build configuration list for PBXNativeTarget "declarative_live-coding_multi (iOS)" */ = {
			isa = XCConfigurationList;
			buildConfigurations = (
				1D56AB94255CEEA600522E3D /* Debug */,
				1D56AB95255CEEA600522E3D /* Release */,
			);
			defaultConfigurationIsVisible = 0;
			defaultConfigurationName = Release;
		};
		1D56AB96255CEEA600522E3D /* Build configuration list for PBXNativeTarget "declarative_live-coding_multi (macOS)" */ = {
			isa = XCConfigurationList;
			buildConfigurations = (
				1D56AB97255CEEA600522E3D /* Debug */,
				1D56AB98255CEEA600522E3D /* Release */,
			);
			defaultConfigurationIsVisible = 0;
			defaultConfigurationName = Release;
		};
/* End XCConfigurationList section */
	};
	rootObject = 1D56AB73255CEEA400522E3D /* Project object */;
}
